PODS:
  - Alamofire (5.6.0)
  - SwiftyJSON (5.0.1)

DEPENDENCIES:
  - Alamofire
  - SwiftyJSON

SPEC REPOS:
  trunk:
    - Alamofire
    - SwiftyJSON

SPEC CHECKSUMS:
  Alamofire: 0c07058209f211e3d32824f8e0766d7c44ac83b3
  SwiftyJSON: 2f33a42c6fbc52764d96f13368585094bfd8aa5e

PODFILE CHECKSUM: 53df4e2fa6a9e14cfc23eaa8f977facafef0c453

COCOAPODS: 1.11.3
